// !$*UTF8*$!
{
	archiveVersion = 1;
	classes = {
	};
	objectVersion = 56;
	objects = {

/* Begin PBXBuildFile section */
		942EE3E22BB85FBC00F44330 /* FSMDemoApp.swift in Sources */ = {isa = PBXBuildFile; fileRef = 942EE3E12BB85FBC00F44330 /* FSMDemoApp.swift */; };
		942EE3E42BB85FBC00F44330 /* ContentView.swift in Sources */ = {isa = PBXBuildFile; fileRef = 942EE3E32BB85FBC00F44330 /* ContentView.swift */; };
		942EE3E62BB85FBD00F44330 /* Assets.xcassets in Resources */ = {isa = PBXBuildFile; fileRef = 942EE3E52BB85FBD00F44330 /* Assets.xcassets */; };
		942EE3E92BB85FBD00F44330 /* Preview Assets.xcassets in Resources */ = {isa = PBXBuildFile; fileRef = 942EE3E82BB85FBD00F44330 /* Preview Assets.xcassets */; };
		942EE3F32BB85FBD00F44330 /* FSMDemoTests.swift in Sources */ = {isa = PBXBuildFile; fileRef = 942EE3F22BB85FBD00F44330 /* FSMDemoTests.swift */; };
		942EE3FD2BB85FBD00F44330 /* FSMDemoUITests.swift in Sources */ = {isa = PBXBuildFile; fileRef = 942EE3FC2BB85FBD00F44330 /* FSMDemoUITests.swift */; };
		942EE3FF2BB85FBD00F44330 /* FSMDemoUITestsLaunchTests.swift in Sources */ = {isa = PBXBuildFile; fileRef = 942EE3FE2BB85FBD00F44330 /* FSMDemoUITestsLaunchTests.swift */; };
/* End PBXBuildFile section */

/* Begin PBXContainerItemProxy section */
		942EE3EF2BB85FBD00F44330 /* PBXContainerItemProxy */ = {
			isa = PBXContainerItemProxy;
			containerPortal = 942EE3D62BB85FBC00F44330 /* Project object */;
			proxyType = 1;
			remoteGlobalIDString = 942EE3DD2BB85FBC00F44330;
			remoteInfo = FSMDemo;
		};
		942EE3F92BB85FBD00F44330 /* PBXContainerItemProxy */ = {
			isa = PBXContainerItemProxy;
			containerPortal = 942EE3D62BB85FBC00F44330 /* Project object */;
			proxyType = 1;
			remoteGlobalIDString = 942EE3DD2BB85FBC00F44330;
			remoteInfo = FSMDemo;
		};
/* End PBXContainerItemProxy section */

/* Begin PBXFileReference section */
		942EE3DE2BB85FBC00F44330 /* FSMDemo.app */ = {isa = PBXFileReference; explicitFileType = wrapper.application; includeInIndex = 0; path = FSMDemo.app; sourceTree = BUILT_PRODUCTS_DIR; };
		942EE3E12BB85FBC00F44330 /* FSMDemoApp.swift */ = {isa = PBXFileReference; lastKnownFileType = sourcecode.swift; path = FSMDemoApp.swift; sourceTree = "<group>"; };
		942EE3E32BB85FBC00F44330 /* ContentView.swift */ = {isa = PBXFileReference; lastKnownFileType = sourcecode.swift; path = ContentView.swift; sourceTree = "<group>"; };
		942EE3E52BB85FBD00F44330 /* Assets.xcassets */ = {isa = PBXFileReference; lastKnownFileType = folder.assetcatalog; path = Assets.xcassets; sourceTree = "<group>"; };
		942EE3E82BB85FBD00F44330 /* Preview Assets.xcassets */ = {isa = PBXFileReference; lastKnownFileType = folder.assetcatalog; path = "Preview Assets.xcassets"; sourceTree = "<group>"; };
		942EE3EE2BB85FBD00F44330 /* FSMDemoTests.xctest */ = {isa = PBXFileReference; explicitFileType = wrapper.cfbundle; includeInIndex = 0; path = FSMDemoTests.xctest; sourceTree = BUILT_PRODUCTS_DIR; };
		942EE3F22BB85FBD00F44330 /* FSMDemoTests.swift */ = {isa = PBXFileReference; lastKnownFileType = sourcecode.swift; path = FSMDemoTests.swift; sourceTree = "<group>"; };
		942EE3F82BB85FBD00F44330 /* FSMDemoUITests.xctest */ = {isa = PBXFileReference; explicitFileType = wrapper.cfbundle; includeInIndex = 0; path = FSMDemoUITests.xctest; sourceTree = BUILT_PRODUCTS_DIR; };
		942EE3FC2BB85FBD00F44330 /* FSMDemoUITests.swift */ = {isa = PBXFileReference; lastKnownFileType = sourcecode.swift; path = FSMDemoUITests.swift; sourceTree = "<group>"; };
		942EE3FE2BB85FBD00F44330 /* FSMDemoUITestsLaunchTests.swift */ = {isa = PBXFileReference; lastKnownFileType = sourcecode.swift; path = FSMDemoUITestsLaunchTests.swift; sourceTree = "<group>"; };
/* End PBXFileReference section */

/* Begin PBXFrameworksBuildPhase section */
		942EE3DB2BB85FBC00F44330 /* Frameworks */ = {
			isa = PBXFrameworksBuildPhase;
			buildActionMask = 2147483647;
			files = (
			);
			runOnlyForDeploymentPostprocessing = 0;
		};
		942EE3EB2BB85FBD00F44330 /* Frameworks */ = {
			isa = PBXFrameworksBuildPhase;
			buildActionMask = 2147483647;
			files = (
			);
			runOnlyForDeploymentPostprocessing = 0;
		};
		942EE3F52BB85FBD00F44330 /* Frameworks */ = {
			isa = PBXFrameworksBuildPhase;
			buildActionMask = 2147483647;
			files = (
			);
			runOnlyForDeploymentPostprocessing = 0;
		};
/* End PBXFrameworksBuildPhase section */

/* Begin PBXGroup section */
		942EE3D52BB85FBC00F44330 = {
			isa = PBXGroup;
			children = (
				942EE3E02BB85FBC00F44330 /* FSMDemo */,
				942EE3F12BB85FBD00F44330 /* FSMDemoTests */,
				942EE3FB2BB85FBD00F44330 /* FSMDemoUITests */,
				942EE3DF2BB85FBC00F44330 /* Products */,
			);
			sourceTree = "<group>";
		};
		942EE3DF2BB85FBC00F44330 /* Products */ = {
			isa = PBXGroup;
			children = (
				942EE3DE2BB85FBC00F44330 /* FSMDemo.app */,
				942EE3EE2BB85FBD00F44330 /* FSMDemoTests.xctest */,
				942EE3F82BB85FBD00F44330 /* FSMDemoUITests.xctest */,
			);
			name = Products;
			sourceTree = "<group>";
		};
		942EE3E02BB85FBC00F44330 /* FSMDemo */ = {
			isa = PBXGroup;
			children = (
				942EE3E12BB85FBC00F44330 /* FSMDemoApp.swift */,
				942EE3E32BB85FBC00F44330 /* ContentView.swift */,
				942EE3E52BB85FBD00F44330 /* Assets.xcassets */,
				942EE3E72BB85FBD00F44330 /* Preview Content */,
			);
			path = FSMDemo;
			sourceTree = "<group>";
		};
		942EE3E72BB85FBD00F44330 /* Preview Content */ = {
			isa = PBXGroup;
			children = (
				942EE3E82BB85FBD00F44330 /* Preview Assets.xcassets */,
			);
			path = "Preview Content";
			sourceTree = "<group>";
		};
		942EE3F12BB85FBD00F44330 /* FSMDemoTests */ = {
			isa = PBXGroup;
			children = (
				942EE3F22BB85FBD00F44330 /* FSMDemoTests.swift */,
			);
			path = FSMDemoTests;
			sourceTree = "<group>";
		};
		942EE3FB2BB85FBD00F44330 /* FSMDemoUITests */ = {
			isa = PBXGroup;
			children = (
				942EE3FC2BB85FBD00F44330 /* FSMDemoUITests.swift */,
				942EE3FE2BB85FBD00F44330 /* FSMDemoUITestsLaunchTests.swift */,
			);
			path = FSMDemoUITests;
			sourceTree = "<group>";
		};
/* End PBXGroup section */

/* Begin PBXNativeTarget section */
		942EE3DD2BB85FBC00F44330 /* FSMDemo */ = {
			isa = PBXNativeTarget;
			buildConfigurationList = 942EE4022BB85FBD00F44330 /* Build configuration list for PBXNativeTarget "FSMDemo" */;
			buildPhases = (
				942EE3DA2BB85FBC00F44330 /* Sources */,
				942EE3DB2BB85FBC00F44330 /* Frameworks */,
				942EE3DC2BB85FBC00F44330 /* Resources */,
			);
			buildRules = (
			);
			dependencies = (
			);
			name = FSMDemo;
			productName = FSMDemo;
			productReference = 942EE3DE2BB85FBC00F44330 /* FSMDemo.app */;
			productType = "com.apple.product-type.application";
		};
		942EE3ED2BB85FBD00F44330 /* FSMDemoTests */ = {
			isa = PBXNativeTarget;
			buildConfigurationList = 942EE4052BB85FBD00F44330 /* Build configuration list for PBXNativeTarget "FSMDemoTests" */;
			buildPhases = (
				942EE3EA2BB85FBD00F44330 /* Sources */,
				942EE3EB2BB85FBD00F44330 /* Frameworks */,
				942EE3EC2BB85FBD00F44330 /* Resources */,
			);
			buildRules = (
			);
			dependencies = (
				942EE3F02BB85FBD00F44330 /* PBXTargetDependency */,
			);
			name = FSMDemoTests;
			productName = FSMDemoTests;
			productReference = 942EE3EE2BB85FBD00F44330 /* FSMDemoTests.xctest */;
			productType = "com.apple.product-type.bundle.unit-test";
		};
		942EE3F72BB85FBD00F44330 /* FSMDemoUITests */ = {
			isa = PBXNativeTarget;
			buildConfigurationList = 942EE4082BB85FBD00F44330 /* Build configuration list for PBXNativeTarget "FSMDemoUITests" */;
			buildPhases = (
				942EE3F42BB85FBD00F44330 /* Sources */,
				942EE3F52BB85FBD00F44330 /* Frameworks */,
				942EE3F62BB85FBD00F44330 /* Resources */,
			);
			buildRules = (
			);
			dependencies = (
				942EE3FA2BB85FBD00F44330 /* PBXTargetDependency */,
			);
			name = FSMDemoUITests;
			productName = FSMDemoUITests;
			productReference = 942EE3F82BB85FBD00F44330 /* FSMDemoUITests.xctest */;
			productType = "com.apple.product-type.bundle.ui-testing";
		};
/* End PBXNativeTarget section */

/* Begin PBXProject section */
		942EE3D62BB85FBC00F44330 /* Project object */ = {
			isa = PBXProject;
			attributes = {
				BuildIndependentTargetsInParallel = 1;
				LastSwiftUpdateCheck = 1530;
				LastUpgradeCheck = 1530;
				TargetAttributes = {
					942EE3DD2BB85FBC00F44330 = {
						CreatedOnToolsVersion = 15.3;
					};
					942EE3ED2BB85FBD00F44330 = {
						CreatedOnToolsVersion = 15.3;
						TestTargetID = 942EE3DD2BB85FBC00F44330;
					};
					942EE3F72BB85FBD00F44330 = {
						CreatedOnToolsVersion = 15.3;
						TestTargetID = 942EE3DD2BB85FBC00F44330;
					};
				};
			};
			buildConfigurationList = 942EE3D92BB85FBC00F44330 /* Build configuration list for PBXProject "FSMDemo" */;
			compatibilityVersion = "Xcode 14.0";
			developmentRegion = en;
			hasScannedForEncodings = 0;
			knownRegions = (
				en,
				Base,
			);
			mainGroup = 942EE3D52BB85FBC00F44330;
			productRefGroup = 942EE3DF2BB85FBC00F44330 /* Products */;
			projectDirPath = "";
			projectRoot = "";
			targets = (
				942EE3DD2BB85FBC00F44330 /* FSMDemo */,
				942EE3ED2BB85FBD00F44330 /* FSMDemoTests */,
				942EE3F72BB85FBD00F44330 /* FSMDemoUITests */,
			);
		};
/* End PBXProject section */

/* Begin PBXResourcesBuildPhase section */
		942EE3DC2BB85FBC00F44330 /* Resources */ = {
			isa = PBXResourcesBuildPhase;
			buildActionMask = 2147483647;
			files = (
				942EE3E92BB85FBD00F44330 /* Preview Assets.xcassets in Resources */,
				942EE3E62BB85FBD00F44330 /* Assets.xcassets in Resources */,
			);
			runOnlyForDeploymentPostprocessing = 0;
		};
		942EE3EC2BB85FBD00F44330 /* Resources */ = {
			isa = PBXResourcesBuildPhase;
			buildActionMask = 2147483647;
			files = (
			);
			runOnlyForDeploymentPostprocessing = 0;
		};
		942EE3F62BB85FBD00F44330 /* Resources */ = {
			isa = PBXResourcesBuildPhase;
			buildActionMask = 2147483647;
			files = (
			);
			runOnlyForDeploymentPostprocessing = 0;
		};
/* End PBXResourcesBuildPhase section */

/* Begin PBXSourcesBuildPhase section */
		942EE3DA2BB85FBC00F44330 /* Sources */ = {
			isa = PBXSourcesBuildPhase;
			buildActionMask = 2147483647;
			files = (
				942EE3E42BB85FBC00F44330 /* ContentView.swift in Sources */,
				942EE3E22BB85FBC00F44330 /* FSMDemoApp.swift in Sources */,
			);
			runOnlyForDeploymentPostprocessing = 0;
		};
		942EE3EA2BB85FBD00F44330 /* Sources */ = {
			isa = PBXSourcesBuildPhase;
			buildActionMask = 2147483647;
			files = (
				942EE3F32BB85FBD00F44330 /* FSMDemoTests.swift in Sources */,
			);
			runOnlyForDeploymentPostprocessing = 0;
		};
		942EE3F42BB85FBD00F44330 /* Sources */ = {
			isa = PBXSourcesBuildPhase;
			buildActionMask = 2147483647;
			files = (
				942EE3FF2BB85FBD00F44330 /* FSMDemoUITestsLaunchTests.swift in Sources */,
				942EE3FD2BB85FBD00F44330 /* FSMDemoUITests.swift in Sources */,
			);
			runOnlyForDeploymentPostprocessing = 0;
		};
/* End PBXSourcesBuildPhase section */

/* Begin PBXTargetDependency section */
		942EE3F02BB85FBD00F44330 /* PBXTargetDependency */ = {
			isa = PBXTargetDependency;
			target = 942EE3DD2BB85FBC00F44330 /* FSMDemo */;
			targetProxy = 942EE3EF2BB85FBD00F44330 /* PBXContainerItemProxy */;
		};
		942EE3FA2BB85FBD00F44330 /* PBXTargetDependency */ = {
			isa = PBXTargetDependency;
			target = 942EE3DD2BB85FBC00F44330 /* FSMDemo */;
			targetProxy = 942EE3F92BB85FBD00F44330 /* PBXContainerItemProxy */;
		};
/* End PBXTargetDependency section */

/* Begin XCBuildConfiguration section */
		942EE4002BB85FBD00F44330 /* Debug */ = {
			isa = XCBuildConfiguration;
			buildSettings = {
				ALWAYS_SEARCH_USER_PATHS = NO;
				ASSETCATALOG_COMPILER_GENERATE_SWIFT_ASSET_SYMBOL_EXTENSIONS = YES;
				CLANG_ANALYZER_NONNULL = YES;
				CLANG_ANALYZER_NUMBER_OBJECT_CONVERSION = YES_AGGRESSIVE;
				CLANG_CXX_LANGUAGE_STANDARD = "gnu++20";
				CLANG_ENABLE_MODULES = YES;
				CLANG_ENABLE_OBJC_ARC = YES;
				CLANG_ENABLE_OBJC_WEAK = YES;
				CLANG_WARN_BLOCK_CAPTURE_AUTORELEASING = YES;
				CLANG_WARN_BOOL_CONVERSION = YES;
				CLANG_WARN_COMMA = YES;
				CLANG_WARN_CONSTANT_CONVERSION = YES;
				CLANG_WARN_DEPRECATED_OBJC_IMPLEMENTATIONS = YES;
				CLANG_WARN_DIRECT_OBJC_ISA_USAGE = YES_ERROR;
				CLANG_WARN_DOCUMENTATION_COMMENTS = YES;
				CLANG_WARN_EMPTY_BODY = YES;
				CLANG_WARN_ENUM_CONVERSION = YES;
				CLANG_WARN_INFINITE_RECURSION = YES;
				CLANG_WARN_INT_CONVERSION = YES;
				CLANG_WARN_NON_LITERAL_NULL_CONVERSION = YES;
				CLANG_WARN_OBJC_IMPLICIT_RETAIN_SELF = YES;
				CLANG_WARN_OBJC_LITERAL_CONVERSION = YES;
				CLANG_WARN_OBJC_ROOT_CLASS = YES_ERROR;
				CLANG_WARN_QUOTED_INCLUDE_IN_FRAMEWORK_HEADER = YES;
				CLANG_WARN_RANGE_LOOP_ANALYSIS = YES;
				CLANG_WARN_STRICT_PROTOTYPES = YES;
				CLANG_WARN_SUSPICIOUS_MOVE = YES;
				CLANG_WARN_UNGUARDED_AVAILABILITY = YES_AGGRESSIVE;
				CLANG_WARN_UNREACHABLE_CODE = YES;
				CLANG_WARN__DUPLICATE_METHOD_MATCH = YES;
				COPY_PHASE_STRIP = NO;
				DEBUG_INFORMATION_FORMAT = dwarf;
				ENABLE_STRICT_OBJC_MSGSEND = YES;
				ENABLE_TESTABILITY = YES;
				ENABLE_USER_SCRIPT_SANDBOXING = YES;
				GCC_C_LANGUAGE_STANDARD = gnu17;
				GCC_DYNAMIC_NO_PIC = NO;
				GCC_NO_COMMON_BLOCKS = YES;
				GCC_OPTIMIZATION_LEVEL = 0;
				GCC_PREPROCESSOR_DEFINITIONS = (
					"DEBUG=1",
					"$(inherited)",
				);
				GCC_WARN_64_TO_32_BIT_CONVERSION = YES;
				GCC_WARN_ABOUT_RETURN_TYPE = YES_ERROR;
				GCC_WARN_UNDECLARED_SELECTOR = YES;
				GCC_WARN_UNINITIALIZED_AUTOS = YES_AGGRESSIVE;
				GCC_WARN_UNUSED_FUNCTION = YES;
				GCC_WARN_UNUSED_VARIABLE = YES;
				IPHONEOS_DEPLOYMENT_TARGET = 17.4;
				LOCALIZATION_PREFERS_STRING_CATALOGS = YES;
				MTL_ENABLE_DEBUG_INFO = INCLUDE_SOURCE;
				MTL_FAST_MATH = YES;
				ONLY_ACTIVE_ARCH = YES;
				SDKROOT = iphoneos;
				SWIFT_ACTIVE_COMPILATION_CONDITIONS = "DEBUG $(inherited)";
				SWIFT_OPTIMIZATION_LEVEL = "-Onone";
			};
			name = Debug;
		};
		942EE4012BB85FBD00F44330 /* Release */ = {
			isa = XCBuildConfiguration;
			buildSettings = {
				ALWAYS_SEARCH_USER_PATHS = NO;
				ASSETCATALOG_COMPILER_GENERATE_SWIFT_ASSET_SYMBOL_EXTENSIONS = YES;
				CLANG_ANALYZER_NONNULL = YES;
				CLANG_ANALYZER_NUMBER_OBJECT_CONVERSION = YES_AGGRESSIVE;
				CLANG_CXX_LANGUAGE_STANDARD = "gnu++20";
				CLANG_ENABLE_MODULES = YES;
				CLANG_ENABLE_OBJC_ARC = YES;
				CLANG_ENABLE_OBJC_WEAK = YES;
				CLANG_WARN_BLOCK_CAPTURE_AUTORELEASING = YES;
				CLANG_WARN_BOOL_CONVERSION = YES;
				CLANG_WARN_COMMA = YES;
				CLANG_WARN_CONSTANT_CONVERSION = YES;
				CLANG_WARN_DEPRECATED_OBJC_IMPLEMENTATIONS = YES;
				CLANG_WARN_DIRECT_OBJC_ISA_USAGE = YES_ERROR;
				CLANG_WARN_DOCUMENTATION_COMMENTS = YES;
				CLANG_WARN_EMPTY_BODY = YES;
				CLANG_WARN_ENUM_CONVERSION = YES;
				CLANG_WARN_INFINITE_RECURSION = YES;
				CLANG_WARN_INT_CONVERSION = YES;
				CLANG_WARN_NON_LITERAL_NULL_CONVERSION = YES;
				CLANG_WARN_OBJC_IMPLICIT_RETAIN_SELF = YES;
				CLANG_WARN_OBJC_LITERAL_CONVERSION = YES;
				CLANG_WARN_OBJC_ROOT_CLASS = YES_ERROR;
				CLANG_WARN_QUOTED_INCLUDE_IN_FRAMEWORK_HEADER = YES;
				CLANG_WARN_RANGE_LOOP_ANALYSIS = YES;
				CLANG_WARN_STRICT_PROTOTYPES = YES;
				CLANG_WARN_SUSPICIOUS_MOVE = YES;
				CLANG_WARN_UNGUARDED_AVAILABILITY = YES_AGGRESSIVE;
				CLANG_WARN_UNREACHABLE_CODE = YES;
				CLANG_WARN__DUPLICATE_METHOD_MATCH = YES;
				COPY_PHASE_STRIP = NO;
				DEBUG_INFORMATION_FORMAT = "dwarf-with-dsym";
				ENABLE_NS_ASSERTIONS = NO;
				ENABLE_STRICT_OBJC_MSGSEND = YES;
				ENABLE_USER_SCRIPT_SANDBOXING = YES;
				GCC_C_LANGUAGE_STANDARD = gnu17;
				GCC_NO_COMMON_BLOCKS = YES;
				GCC_WARN_64_TO_32_BIT_CONVERSION = YES;
				GCC_WARN_ABOUT_RETURN_TYPE = YES_ERROR;
				GCC_WARN_UNDECLARED_SELECTOR = YES;
				GCC_WARN_UNINITIALIZED_AUTOS = YES_AGGRESSIVE;
				GCC_WARN_UNUSED_FUNCTION = YES;
				GCC_WARN_UNUSED_VARIABLE = YES;
				IPHONEOS_DEPLOYMENT_TARGET = 17.4;
				LOCALIZATION_PREFERS_STRING_CATALOGS = YES;
				MTL_ENABLE_DEBUG_INFO = NO;
				MTL_FAST_MATH = YES;
				SDKROOT = iphoneos;
				SWIFT_COMPILATION_MODE = wholemodule;
				VALIDATE_PRODUCT = YES;
			};
			name = Release;
		};
		942EE4032BB85FBD00F44330 /* Debug */ = {
			isa = XCBuildConfiguration;
			buildSettings = {
				ASSETCATALOG_COMPILER_APPICON_NAME = AppIcon;
				ASSETCATALOG_COMPILER_GLOBAL_ACCENT_COLOR_NAME = AccentColor;
				CODE_SIGN_STYLE = Automatic;
				CURRENT_PROJECT_VERSION = 1;
				DEVELOPMENT_ASSET_PATHS = "\"FSMDemo/Preview Content\"";
				DEVELOPMENT_TEAM = K6L9KS3AJB;
				ENABLE_PREVIEWS = YES;
				GENERATE_INFOPLIST_FILE = YES;
				INFOPLIST_KEY_UIApplicationSceneManifest_Generation = YES;
				INFOPLIST_KEY_UIApplicationSupportsIndirectInputEvents = YES;
				INFOPLIST_KEY_UILaunchScreen_Generation = YES;
				INFOPLIST_KEY_UISupportedInterfaceOrientations_iPad = "UIInterfaceOrientationPortrait UIInterfaceOrientationPortraitUpsideDown UIInterfaceOrientationLandscapeLeft UIInterfaceOrientationLandscapeRight";
				INFOPLIST_KEY_UISupportedInterfaceOrientations_iPhone = "UIInterfaceOrientationPortrait UIInterfaceOrientationLandscapeLeft UIInterfaceOrientationLandscapeRight";
				LD_RUNPATH_SEARCH_PATHS = (
					"$(inherited)",
					"@executable_path/Frameworks",
				);
				MARKETING_VERSION = 1.0;
				PRODUCT_BUNDLE_IDENTIFIER = com.tiem625.FSMDemo;
				PRODUCT_NAME = "$(TARGET_NAME)";
				SWIFT_EMIT_LOC_STRINGS = YES;
				SWIFT_VERSION = 5.0;
				TARGETED_DEVICE_FAMILY = "1,2";
			};
			name = Debug;
		};
		942EE4042BB85FBD00F44330 /* Release */ = {
			isa = XCBuildConfiguration;
			buildSettings = {
				ASSETCATALOG_COMPILER_APPICON_NAME = AppIcon;
				ASSETCATALOG_COMPILER_GLOBAL_ACCENT_COLOR_NAME = AccentColor;
				CODE_SIGN_STYLE = Automatic;
				CURRENT_PROJECT_VERSION = 1;
				DEVELOPMENT_ASSET_PATHS = "\"FSMDemo/Preview Content\"";
				DEVELOPMENT_TEAM = K6L9KS3AJB;
				ENABLE_PREVIEWS = YES;
				GENERATE_INFOPLIST_FILE = YES;
				INFOPLIST_KEY_UIApplicationSceneManifest_Generation = YES;
				INFOPLIST_KEY_UIApplicationSupportsIndirectInputEvents = YES;
				INFOPLIST_KEY_UILaunchScreen_Generation = YES;
				INFOPLIST_KEY_UISupportedInterfaceOrientations_iPad = "UIInterfaceOrientationPortrait UIInterfaceOrientationPortraitUpsideDown UIInterfaceOrientationLandscapeLeft UIInterfaceOrientationLandscapeRight";
				INFOPLIST_KEY_UISupportedInterfaceOrientations_iPhone = "UIInterfaceOrientationPortrait UIInterfaceOrientationLandscapeLeft UIInterfaceOrientationLandscapeRight";
				LD_RUNPATH_SEARCH_PATHS = (
					"$(inherited)",
					"@executable_path/Frameworks",
				);
				MARKETING_VERSION = 1.0;
				PRODUCT_BUNDLE_IDENTIFIER = com.tiem625.FSMDemo;
				PRODUCT_NAME = "$(TARGET_NAME)";
				SWIFT_EMIT_LOC_STRINGS = YES;
				SWIFT_VERSION = 5.0;
				TARGETED_DEVICE_FAMILY = "1,2";
			};
			name = Release;
		};
		942EE4062BB85FBD00F44330 /* Debug */ = {
			isa = XCBuildConfiguration;
			buildSettings = {
				ALWAYS_EMBED_SWIFT_STANDARD_LIBRARIES = YES;
				BUNDLE_LOADER = "$(TEST_HOST)";
				CODE_SIGN_STYLE = Automatic;
				CURRENT_PROJECT_VERSION = 1;
				DEVELOPMENT_TEAM = K6L9KS3AJB;
				GENERATE_INFOPLIST_FILE = YES;
				IPHONEOS_DEPLOYMENT_TARGET = 17.4;
				MARKETING_VERSION = 1.0;
				PRODUCT_BUNDLE_IDENTIFIER = com.tiem625.FSMDemoTests;
				PRODUCT_NAME = "$(TARGET_NAME)";
				SWIFT_EMIT_LOC_STRINGS = NO;
				SWIFT_VERSION = 5.0;
				TARGETED_DEVICE_FAMILY = "1,2";
				TEST_HOST = "$(BUILT_PRODUCTS_DIR)/FSMDemo.app/$(BUNDLE_EXECUTABLE_FOLDER_PATH)/FSMDemo";
			};
			name = Debug;
		};
		942EE4072BB85FBD00F44330 /* Release */ = {
			isa = XCBuildConfiguration;
			buildSettings = {
				ALWAYS_EMBED_SWIFT_STANDARD_LIBRARIES = YES;
				BUNDLE_LOADER = "$(TEST_HOST)";
				CODE_SIGN_STYLE = Automatic;
				CURRENT_PROJECT_VERSION = 1;
				DEVELOPMENT_TEAM = K6L9KS3AJB;
				GENERATE_INFOPLIST_FILE = YES;
				IPHONEOS_DEPLOYMENT_TARGET = 17.4;
				MARKETING_VERSION = 1.0;
				PRODUCT_BUNDLE_IDENTIFIER = com.tiem625.FSMDemoTests;
				PRODUCT_NAME = "$(TARGET_NAME)";
				SWIFT_EMIT_LOC_STRINGS = NO;
				SWIFT_VERSION = 5.0;
				TARGETED_DEVICE_FAMILY = "1,2";
				TEST_HOST = "$(BUILT_PRODUCTS_DIR)/FSMDemo.app/$(BUNDLE_EXECUTABLE_FOLDER_PATH)/FSMDemo";
			};
			name = Release;
		};
		942EE4092BB85FBD00F44330 /* Debug */ = {
			isa = XCBuildConfiguration;
			buildSettings = {
				ALWAYS_EMBED_SWIFT_STANDARD_LIBRARIES = YES;
				CODE_SIGN_STYLE = Automatic;
				CURRENT_PROJECT_VERSION = 1;
				DEVELOPMENT_TEAM = K6L9KS3AJB;
				GENERATE_INFOPLIST_FILE = YES;
				MARKETING_VERSION = 1.0;
				PRODUCT_BUNDLE_IDENTIFIER = com.tiem625.FSMDemoUITests;
				PRODUCT_NAME = "$(TARGET_NAME)";
				SWIFT_EMIT_LOC_STRINGS = NO;
				SWIFT_VERSION = 5.0;
				TARGETED_DEVICE_FAMILY = "1,2";
				TEST_TARGET_NAME = FSMDemo;
			};
			name = Debug;
		};
		942EE40A2BB85FBD00F44330 /* Release */ = {
			isa = XCBuildConfiguration;
			buildSettings = {
				ALWAYS_EMBED_SWIFT_STANDARD_LIBRARIES = YES;
				CODE_SIGN_STYLE = Automatic;
				CURRENT_PROJECT_VERSION = 1;
				DEVELOPMENT_TEAM = K6L9KS3AJB;
				GENERATE_INFOPLIST_FILE = YES;
				MARKETING_VERSION = 1.0;
				PRODUCT_BUNDLE_IDENTIFIER = com.tiem625.FSMDemoUITests;
				PRODUCT_NAME = "$(TARGET_NAME)";
				SWIFT_EMIT_LOC_STRINGS = NO;
				SWIFT_VERSION = 5.0;
				TARGETED_DEVICE_FAMILY = "1,2";
				TEST_TARGET_NAME = FSMDemo;
			};
			name = Release;
		};
/* End XCBuildConfiguration section */

/* Begin XCConfigurationList section */
		942EE3D92BB85FBC00F44330 /* Build configuration list for PBXProject "FSMDemo" */ = {
			isa = XCConfigurationList;
			buildConfigurations = (
				942EE4002BB85FBD00F44330 /* Debug */,
				942EE4012BB85FBD00F44330 /* Release */,
			);
			defaultConfigurationIsVisible = 0;
			defaultConfigurationName = Release;
		};
		942EE4022BB85FBD00F44330 /* Build configuration list for PBXNativeTarget "FSMDemo" */ = {
			isa = XCConfigurationList;
			buildConfigurations = (
				942EE4032BB85FBD00F44330 /* Debug */,
				942EE4042BB85FBD00F44330 /* Release */,
			);
			defaultConfigurationIsVisible = 0;
			defaultConfigurationName = Release;
		};
		942EE4052BB85FBD00F44330 /* Build configuration list for PBXNativeTarget "FSMDemoTests" */ = {
			isa = XCConfigurationList;
			buildConfigurations = (
				942EE4062BB85FBD00F44330 /* Debug */,
				942EE4072BB85FBD00F44330 /* Release */,
			);
			defaultConfigurationIsVisible = 0;
			defaultConfigurationName = Release;
		};
		942EE4082BB85FBD00F44330 /* Build configuration list for PBXNativeTarget "FSMDemoUITests" */ = {
			isa = XCConfigurationList;
			buildConfigurations = (
				942EE4092BB85FBD00F44330 /* Debug */,
				942EE40A2BB85FBD00F44330 /* Release */,
			);
			defaultConfigurationIsVisible = 0;
			defaultConfigurationName = Release;
		};
/* End XCConfigurationList section */
	};
	rootObject = 942EE3D62BB85FBC00F44330 /* Project object */;
}
